lockfileVersion: 5.4

specifiers:
  '@prioritea/config': '*'
  '@prioritea/tsconfig': '*'
  '@prioritea/types': '*'
  '@prioritea/utils': '*'
  typescript: ^4.6.4
  zod: ^3.14.4

dependencies:
  '@prioritea/config': link:../config
  '@prioritea/tsconfig': link:../tsconfig
  '@prioritea/types': link:../types
  '@prioritea/utils': link:../utils
  zod: 3.15.1

devDependencies:
  typescript: 4.6.4

packages:

  /typescript/4.6.4:
    resolution: {integrity: sha512-9ia/jWHIEbo49HfjrLGfKbZSuWo9iTMwXO+Ca3pRsSpbsMbc7/IU8NKdCZVRRBafVPGnoJeFL76ZOAA84I9fEg==}
    engines: {node: '>=4.2.0'}
    hasBin: true
    dev: true

  /zod/3.15.1:
    resolution: {integrity: sha512-WAdjcoOxa4S9oc/u7fTbC3CC7uVqptLLU0LKqS8RDBOrCXp2t5avM8BUfgNVZJymGWAx6SEUYxWPPoYuQ5rgwQ==}
    dev: false
